<?xml version="1.0" encoding="utf-8"?>
<Project ToolsVersion="4.0" xmlns="http://schemas.microsoft.com/developer/msbuild/2003">
  <ItemGroup>
    <Filter Include="Shared">
      <UniqueIdentifier>{2C8D9B20-0002-4000-8000-000000000001}</UniqueIdentifier>
    </Filter>
  </ItemGroup>
  <ItemGroup>
    <ClInclude Include="include\NxBackend\NxRoiResolver.h" />
    <ClInclude Include="$(SolutionDir)Shared\NxContracts\include\NxContracts\INxSessionAccessor.h"><Filter>Shared</Filter></ClInclude>
    <ClInclude Include="$(SolutionDir)Shared\NxContracts\include\NxContracts\NxGeometryUtils.h"><Filter>Shared</Filter></ClInclude>
  </ItemGroup>
  <ItemGroup>
    <ClCompile Include="src\NxRoiResolver.cpp" />
    <ClCompile Include="$(SolutionDir)Shared\NxContracts\src\NxGeometryUtils.cpp"><Filter>Shared</Filter></ClCompile>
  </ItemGroup>
</Project>
